
Microsoft Visual Studio Solution File, Format Version 12.00
# Visual Studio Version 17
VisualStudioVersion = 17.0.32002.185
MinimumVisualStudioVersion = 10.0.40219.1
Project("{FAE04EC0-301F-11D3-BF4B-00C04F79EFBC}") = "Lab04", "Lab04.csproj", "{2E0D8CBE-34AA-49FC-860E-A781AB213486}"
EndProject
Global
	GlobalSection(SolutionConfigurationPlatforms) = preSolution
		Debug|Any CPU = Debug|Any CPU
		Release|Any CPU = Release|Any CPU
	EndGlobalSection
	GlobalSection(ProjectConfigurationPlatforms) = postSolution
		{2E0D8CBE-34AA-49FC-860E-A781AB213486}.Debug|Any CPU.ActiveCfg = Debug|Any CPU
		{2E0D8CBE-34AA-49FC-860E-A781AB213486}.Debug|Any CPU.Build.0 = Debug|Any CPU
		{2E0D8CBE-34AA-49FC-860E-A781AB213486}.Release|Any CPU.ActiveCfg = Release|Any CPU
		{2E0D8CBE-34AA-49FC-860E-A781AB213486}.Release|Any CPU.Build.0 = Release|Any CPU
	EndGlobalSection
	GlobalSection(SolutionProperties) = preSolution
		HideSolutionNode = FALSE
	EndGlobalSection
	GlobalSection(ExtensibilityGlobals) = postSolution
		SolutionGuid = {81746748-FF46-471A-A531-92053D638711}
	EndGlobalSection
EndGlobal
